
Microsoft Visual Studio Solution File, Format Version 11.00
# Visual Studio 2010
Project("{FAE04EC0-301F-11D3-BF4B-00C04F79EFBC}") = "ilcc", "ilcc\ilcc.csproj", "{3412D4B7-D4AB-4A2F-8599-DEA89E88E03C}"
EndProject
Project("{FAE04EC0-301F-11D3-BF4B-00C04F79EFBC}") = "010.Irony.2010", "..\Irony\Irony\010.Irony.2010.csproj", "{D81F5C91-D7DB-46E5-BC99-49488FB6814C}"
EndProject
Project("{FAE04EC0-301F-11D3-BF4B-00C04F79EFBC}") = "015.Irony.Interpreter.2010", "..\Irony\Irony.Interpreter\015.Irony.Interpreter.2010.csproj", "{321A7F5D-00C2-4095-9970-075CDEE8C139}"
EndProject
Global
	GlobalSection(SolutionConfigurationPlatforms) = preSolution
		Debug|Any CPU = Debug|Any CPU
		Debug|Mixed Platforms = Debug|Mixed Platforms
		Debug|x86 = Debug|x86
		Release|Any CPU = Release|Any CPU
		Release|Mixed Platforms = Release|Mixed Platforms
		Release|x86 = Release|x86
	EndGlobalSection
	GlobalSection(ProjectConfigurationPlatforms) = postSolution
		{3412D4B7-D4AB-4A2F-8599-DEA89E88E03C}.Debug|Any CPU.ActiveCfg = Debug|x86
		{3412D4B7-D4AB-4A2F-8599-DEA89E88E03C}.Debug|Mixed Platforms.ActiveCfg = Debug|x86
		{3412D4B7-D4AB-4A2F-8599-DEA89E88E03C}.Debug|Mixed Platforms.Build.0 = Debug|x86
		{3412D4B7-D4AB-4A2F-8599-DEA89E88E03C}.Debug|x86.ActiveCfg = Debug|x86
		{3412D4B7-D4AB-4A2F-8599-DEA89E88E03C}.Debug|x86.Build.0 = Debug|x86
		{3412D4B7-D4AB-4A2F-8599-DEA89E88E03C}.Release|Any CPU.ActiveCfg = Release|x86
		{3412D4B7-D4AB-4A2F-8599-DEA89E88E03C}.Release|Mixed Platforms.ActiveCfg = Release|x86
		{3412D4B7-D4AB-4A2F-8599-DEA89E88E03C}.Release|Mixed Platforms.Build.0 = Release|x86
		{3412D4B7-D4AB-4A2F-8599-DEA89E88E03C}.Release|x86.ActiveCfg = Release|x86
		{3412D4B7-D4AB-4A2F-8599-DEA89E88E03C}.Release|x86.Build.0 = Release|x86
		{D81F5C91-D7DB-46E5-BC99-49488FB6814C}.Debug|Any CPU.ActiveCfg = Debug|Any CPU
		{D81F5C91-D7DB-46E5-BC99-49488FB6814C}.Debug|Any CPU.Build.0 = Debug|Any CPU
		{D81F5C91-D7DB-46E5-BC99-49488FB6814C}.Debug|Mixed Platforms.ActiveCfg = Debug|Any CPU
		{D81F5C91-D7DB-46E5-BC99-49488FB6814C}.Debug|Mixed Platforms.Build.0 = Debug|Any CPU
		{D81F5C91-D7DB-46E5-BC99-49488FB6814C}.Debug|x86.ActiveCfg = Debug|Any CPU
		{D81F5C91-D7DB-46E5-BC99-49488FB6814C}.Release|Any CPU.ActiveCfg = Release|Any CPU
		{D81F5C91-D7DB-46E5-BC99-49488FB6814C}.Release|Any CPU.Build.0 = Release|Any CPU
		{D81F5C91-D7DB-46E5-BC99-49488FB6814C}.Release|Mixed Platforms.ActiveCfg = Release|Any CPU
		{D81F5C91-D7DB-46E5-BC99-49488FB6814C}.Release|Mixed Platforms.Build.0 = Release|Any CPU
		{D81F5C91-D7DB-46E5-BC99-49488FB6814C}.Release|x86.ActiveCfg = Release|Any CPU
		{321A7F5D-00C2-4095-9970-075CDEE8C139}.Debug|Any CPU.ActiveCfg = Debug|Any CPU
		{321A7F5D-00C2-4095-9970-075CDEE8C139}.Debug|Any CPU.Build.0 = Debug|Any CPU
		{321A7F5D-00C2-4095-9970-075CDEE8C139}.Debug|Mixed Platforms.ActiveCfg = Debug|Any CPU
		{321A7F5D-00C2-4095-9970-075CDEE8C139}.Debug|Mixed Platforms.Build.0 = Debug|Any CPU
		{321A7F5D-00C2-4095-9970-075CDEE8C139}.Debug|x86.ActiveCfg = Debug|Any CPU
		{321A7F5D-00C2-4095-9970-075CDEE8C139}.Release|Any CPU.ActiveCfg = Release|Any CPU
		{321A7F5D-00C2-4095-9970-075CDEE8C139}.Release|Any CPU.Build.0 = Release|Any CPU
		{321A7F5D-00C2-4095-9970-075CDEE8C139}.Release|Mixed Platforms.ActiveCfg = Release|Any CPU
		{321A7F5D-00C2-4095-9970-075CDEE8C139}.Release|Mixed Platforms.Build.0 = Release|Any CPU
		{321A7F5D-00C2-4095-9970-075CDEE8C139}.Release|x86.ActiveCfg = Release|Any CPU
	EndGlobalSection
	GlobalSection(SolutionProperties) = preSolution
		HideSolutionNode = FALSE
	EndGlobalSection
EndGlobal
