
Microsoft Visual Studio Solution File, Format Version 11.00
# Visual Studio 2010
Project("{FAE04EC0-301F-11D3-BF4B-00C04F79EFBC}") = "ilcc", "ilcc\ilcc.csproj", "{3412D4B7-D4AB-4A2F-8599-DEA89E88E03C}"
EndProject
Project("{FAE04EC0-301F-11D3-BF4B-00C04F79EFBC}") = "ilcclib", "ilcclib\ilcclib.csproj", "{9045B075-5868-4EE7-AC74-37FB95271CD1}"
EndProject
Project("{FAE04EC0-301F-11D3-BF4B-00C04F79EFBC}") = "ilcclib.Tests", "ilcclib.Tests\ilcclib.Tests.csproj", "{130BB699-6931-4CF8-8A9C-CF54478D847A}"
EndProject
Project("{2150E333-8FDC-42A3-9474-1A3956D46DE8}") = "Solution Items", "Solution Items", "{DAED325D-8396-4291-BFE1-ECC4700BD465}"
	ProjectSection(SolutionItems) = preProject
		ilcc.vsmdi = ilcc.vsmdi
		Local.testsettings = Local.testsettings
		TraceAndTestImpact.testsettings = TraceAndTestImpact.testsettings
	EndProjectSection
EndProject
Project("{FAE04EC0-301F-11D3-BF4B-00C04F79EFBC}") = "ilcc.Runtime", "ilcc.Runtime\ilcc.Runtime.csproj", "{21A2298B-91AC-4E5C-A502-FBBA5F1FE166}"
EndProject
Project("{FAE04EC0-301F-11D3-BF4B-00C04F79EFBC}") = "SafeILGenerator", "..\libs\SafeILGenerator\SafeILGenerator\SafeILGenerator.csproj", "{9A93C7E4-09DA-46CF-B7DD-6BB09681D5AB}"
EndProject
Global
	GlobalSection(TestCaseManagementSettings) = postSolution
		CategoryFile = ilcc.vsmdi
	EndGlobalSection
	GlobalSection(SolutionConfigurationPlatforms) = preSolution
		Debug|Any CPU = Debug|Any CPU
		Release|Any CPU = Release|Any CPU
		Trace|Any CPU = Trace|Any CPU
	EndGlobalSection
	GlobalSection(ProjectConfigurationPlatforms) = postSolution
		{3412D4B7-D4AB-4A2F-8599-DEA89E88E03C}.Debug|Any CPU.ActiveCfg = Release|x86
		{3412D4B7-D4AB-4A2F-8599-DEA89E88E03C}.Debug|Any CPU.Build.0 = Release|x86
		{3412D4B7-D4AB-4A2F-8599-DEA89E88E03C}.Release|Any CPU.ActiveCfg = Release|x86
		{3412D4B7-D4AB-4A2F-8599-DEA89E88E03C}.Release|Any CPU.Build.0 = Release|x86
		{3412D4B7-D4AB-4A2F-8599-DEA89E88E03C}.Trace|Any CPU.ActiveCfg = Release|x86
		{9045B075-5868-4EE7-AC74-37FB95271CD1}.Debug|Any CPU.ActiveCfg = Release|Any CPU
		{9045B075-5868-4EE7-AC74-37FB95271CD1}.Debug|Any CPU.Build.0 = Release|Any CPU
		{9045B075-5868-4EE7-AC74-37FB95271CD1}.Release|Any CPU.ActiveCfg = Release|Any CPU
		{9045B075-5868-4EE7-AC74-37FB95271CD1}.Release|Any CPU.Build.0 = Release|Any CPU
		{9045B075-5868-4EE7-AC74-37FB95271CD1}.Trace|Any CPU.ActiveCfg = Release|Any CPU
		{9045B075-5868-4EE7-AC74-37FB95271CD1}.Trace|Any CPU.Build.0 = Release|Any CPU
		{130BB699-6931-4CF8-8A9C-CF54478D847A}.Debug|Any CPU.ActiveCfg = Release|Any CPU
		{130BB699-6931-4CF8-8A9C-CF54478D847A}.Debug|Any CPU.Build.0 = Release|Any CPU
		{130BB699-6931-4CF8-8A9C-CF54478D847A}.Release|Any CPU.ActiveCfg = Release|Any CPU
		{130BB699-6931-4CF8-8A9C-CF54478D847A}.Release|Any CPU.Build.0 = Release|Any CPU
		{130BB699-6931-4CF8-8A9C-CF54478D847A}.Trace|Any CPU.ActiveCfg = Release|Any CPU
		{130BB699-6931-4CF8-8A9C-CF54478D847A}.Trace|Any CPU.Build.0 = Release|Any CPU
		{21A2298B-91AC-4E5C-A502-FBBA5F1FE166}.Debug|Any CPU.ActiveCfg = Release|Any CPU
		{21A2298B-91AC-4E5C-A502-FBBA5F1FE166}.Debug|Any CPU.Build.0 = Release|Any CPU
		{21A2298B-91AC-4E5C-A502-FBBA5F1FE166}.Release|Any CPU.ActiveCfg = Release|Any CPU
		{21A2298B-91AC-4E5C-A502-FBBA5F1FE166}.Release|Any CPU.Build.0 = Release|Any CPU
		{21A2298B-91AC-4E5C-A502-FBBA5F1FE166}.Trace|Any CPU.ActiveCfg = Release|Any CPU
		{21A2298B-91AC-4E5C-A502-FBBA5F1FE166}.Trace|Any CPU.Build.0 = Release|Any CPU
		{9A93C7E4-09DA-46CF-B7DD-6BB09681D5AB}.Debug|Any CPU.ActiveCfg = Debug|Any CPU
		{9A93C7E4-09DA-46CF-B7DD-6BB09681D5AB}.Debug|Any CPU.Build.0 = Debug|Any CPU
		{9A93C7E4-09DA-46CF-B7DD-6BB09681D5AB}.Release|Any CPU.ActiveCfg = Release|Any CPU
		{9A93C7E4-09DA-46CF-B7DD-6BB09681D5AB}.Release|Any CPU.Build.0 = Release|Any CPU
		{9A93C7E4-09DA-46CF-B7DD-6BB09681D5AB}.Trace|Any CPU.ActiveCfg = Trace|Any CPU
		{9A93C7E4-09DA-46CF-B7DD-6BB09681D5AB}.Trace|Any CPU.Build.0 = Trace|Any CPU
	EndGlobalSection
	GlobalSection(SolutionProperties) = preSolution
		HideSolutionNode = FALSE
	EndGlobalSection
EndGlobal
