
Microsoft Visual Studio Solution File, Format Version 12.00
Project("{2150E333-8FDC-42A3-9474-1A3956D46DE8}") = "Frontend", "Frontend", "{DC0C8238-41F0-4418-8C53-AB9E4DE1C3B9}"
EndProject
Project("{2150E333-8FDC-42A3-9474-1A3956D46DE8}") = "Liblcc", "Liblcc", "{8211B1B9-E701-486B-A0CA-1E3943EB52E9}"
EndProject
Project("{FAE04EC0-301F-11D3-BF4B-00C04F79EFBC}") = "ilcc.Include", "ilcc.Include\ilcc.Include.csproj", "{E711888F-BE7B-4547-A881-ED59CFD42D4F}"
EndProject
Project("{FAE04EC0-301F-11D3-BF4B-00C04F79EFBC}") = "ilcc.RuntimeSafe", "ilcc.RuntimeSafe\ilcc.RuntimeSafe.csproj", "{AEF0A052-2799-4AF7-8765-8BF3D254AFF4}"
EndProject
Project("{FAE04EC0-301F-11D3-BF4B-00C04F79EFBC}") = "ilcc.RuntimeUnsafe", "ilcc.RuntimeUnsafe\ilcc.RuntimeUnsafe.csproj", "{57BE99E2-0F67-41AC-B03C-5D623D195D30}"
EndProject
Project("{FAE04EC0-301F-11D3-BF4B-00C04F79EFBC}") = "ilcclib", "ilcclib\ilcclib.csproj", "{09419B85-087C-463C-9B5F-909ACCE5749E}"
EndProject
Project("{2150E333-8FDC-42A3-9474-1A3956D46DE8}") = "Libraries", "Libraries", "{706B053D-4D05-4BBD-B209-D219B2A78A23}"
EndProject
Project("{FAE04EC0-301F-11D3-BF4B-00C04F79EFBC}") = "SafeILGenerator", "SafeILGenerator\SafeILGenerator.csproj", "{73A920A2-9FE9-4FFD-A7E6-1E8C71AAEB64}"
EndProject
Project("{FAE04EC0-301F-11D3-BF4B-00C04F79EFBC}") = "SafeILGenerator.Tests", "SafeILGenerator.Tests\SafeILGenerator.Tests.csproj", "{0CA54C10-7952-4F47-A839-6F15966832D6}"
EndProject
Project("{2150E333-8FDC-42A3-9474-1A3956D46DE8}") = "Tests", "Tests", "{FDBC3BC6-9AF8-4C07-8C6A-5AB5027605B4}"
EndProject
Project("{FAE04EC0-301F-11D3-BF4B-00C04F79EFBC}") = "ilcclib.Tests", "ilcclib.Tests\ilcclib.Tests.csproj", "{DE2D67C7-171F-44EA-9D8F-A68D8565E9F5}"
EndProject
Project("{FAE04EC0-301F-11D3-BF4B-00C04F79EFBC}") = "ilcc", "ilcc\ilcc.csproj", "{A42CD7CB-9A21-42F5-AFC7-771574DBE48F}"
EndProject
Global
	GlobalSection(SolutionConfigurationPlatforms) = preSolution
		Debug|Any CPU = Debug|Any CPU
		Release|Any CPU = Release|Any CPU
	EndGlobalSection
	GlobalSection(NestedProjects) = preSolution
		{E711888F-BE7B-4547-A881-ED59CFD42D4F} = {8211B1B9-E701-486B-A0CA-1E3943EB52E9}
		{AEF0A052-2799-4AF7-8765-8BF3D254AFF4} = {8211B1B9-E701-486B-A0CA-1E3943EB52E9}
		{57BE99E2-0F67-41AC-B03C-5D623D195D30} = {8211B1B9-E701-486B-A0CA-1E3943EB52E9}
		{09419B85-087C-463C-9B5F-909ACCE5749E} = {8211B1B9-E701-486B-A0CA-1E3943EB52E9}
		{73A920A2-9FE9-4FFD-A7E6-1E8C71AAEB64} = {706B053D-4D05-4BBD-B209-D219B2A78A23}
		{0CA54C10-7952-4F47-A839-6F15966832D6} = {706B053D-4D05-4BBD-B209-D219B2A78A23}
		{DE2D67C7-171F-44EA-9D8F-A68D8565E9F5} = {8211B1B9-E701-486B-A0CA-1E3943EB52E9}
		{A42CD7CB-9A21-42F5-AFC7-771574DBE48F} = {DC0C8238-41F0-4418-8C53-AB9E4DE1C3B9}
	EndGlobalSection
	GlobalSection(ProjectConfigurationPlatforms) = postSolution
		{E711888F-BE7B-4547-A881-ED59CFD42D4F}.Debug|Any CPU.ActiveCfg = Debug|Any CPU
		{E711888F-BE7B-4547-A881-ED59CFD42D4F}.Debug|Any CPU.Build.0 = Debug|Any CPU
		{E711888F-BE7B-4547-A881-ED59CFD42D4F}.Release|Any CPU.ActiveCfg = Release|Any CPU
		{E711888F-BE7B-4547-A881-ED59CFD42D4F}.Release|Any CPU.Build.0 = Release|Any CPU
		{AEF0A052-2799-4AF7-8765-8BF3D254AFF4}.Debug|Any CPU.ActiveCfg = Debug|Any CPU
		{AEF0A052-2799-4AF7-8765-8BF3D254AFF4}.Debug|Any CPU.Build.0 = Debug|Any CPU
		{AEF0A052-2799-4AF7-8765-8BF3D254AFF4}.Release|Any CPU.ActiveCfg = Release|Any CPU
		{AEF0A052-2799-4AF7-8765-8BF3D254AFF4}.Release|Any CPU.Build.0 = Release|Any CPU
		{57BE99E2-0F67-41AC-B03C-5D623D195D30}.Debug|Any CPU.ActiveCfg = Debug|Any CPU
		{57BE99E2-0F67-41AC-B03C-5D623D195D30}.Debug|Any CPU.Build.0 = Debug|Any CPU
		{57BE99E2-0F67-41AC-B03C-5D623D195D30}.Release|Any CPU.ActiveCfg = Release|Any CPU
		{57BE99E2-0F67-41AC-B03C-5D623D195D30}.Release|Any CPU.Build.0 = Release|Any CPU
		{09419B85-087C-463C-9B5F-909ACCE5749E}.Debug|Any CPU.ActiveCfg = Debug|Any CPU
		{09419B85-087C-463C-9B5F-909ACCE5749E}.Debug|Any CPU.Build.0 = Debug|Any CPU
		{09419B85-087C-463C-9B5F-909ACCE5749E}.Release|Any CPU.ActiveCfg = Release|Any CPU
		{09419B85-087C-463C-9B5F-909ACCE5749E}.Release|Any CPU.Build.0 = Release|Any CPU
		{73A920A2-9FE9-4FFD-A7E6-1E8C71AAEB64}.Debug|Any CPU.ActiveCfg = Debug|Any CPU
		{73A920A2-9FE9-4FFD-A7E6-1E8C71AAEB64}.Debug|Any CPU.Build.0 = Debug|Any CPU
		{73A920A2-9FE9-4FFD-A7E6-1E8C71AAEB64}.Release|Any CPU.ActiveCfg = Release|Any CPU
		{73A920A2-9FE9-4FFD-A7E6-1E8C71AAEB64}.Release|Any CPU.Build.0 = Release|Any CPU
		{0CA54C10-7952-4F47-A839-6F15966832D6}.Debug|Any CPU.ActiveCfg = Debug|Any CPU
		{0CA54C10-7952-4F47-A839-6F15966832D6}.Debug|Any CPU.Build.0 = Debug|Any CPU
		{0CA54C10-7952-4F47-A839-6F15966832D6}.Release|Any CPU.ActiveCfg = Release|Any CPU
		{0CA54C10-7952-4F47-A839-6F15966832D6}.Release|Any CPU.Build.0 = Release|Any CPU
		{DE2D67C7-171F-44EA-9D8F-A68D8565E9F5}.Debug|Any CPU.ActiveCfg = Debug|Any CPU
		{DE2D67C7-171F-44EA-9D8F-A68D8565E9F5}.Debug|Any CPU.Build.0 = Debug|Any CPU
		{DE2D67C7-171F-44EA-9D8F-A68D8565E9F5}.Release|Any CPU.ActiveCfg = Release|Any CPU
		{DE2D67C7-171F-44EA-9D8F-A68D8565E9F5}.Release|Any CPU.Build.0 = Release|Any CPU
		{A42CD7CB-9A21-42F5-AFC7-771574DBE48F}.Debug|Any CPU.ActiveCfg = Debug|Any CPU
		{A42CD7CB-9A21-42F5-AFC7-771574DBE48F}.Debug|Any CPU.Build.0 = Debug|Any CPU
		{A42CD7CB-9A21-42F5-AFC7-771574DBE48F}.Release|Any CPU.ActiveCfg = Release|Any CPU
		{A42CD7CB-9A21-42F5-AFC7-771574DBE48F}.Release|Any CPU.Build.0 = Release|Any CPU
	EndGlobalSection
EndGlobal
